<?xml version="1.0" encoding="utf-8"?>
<Project ToolsVersion="4.0" xmlns="http://schemas.microsoft.com/developer/msbuild/2003">
  <ItemGroup>
    <Filter Include="Library">
      <UniqueIdentifier>{d5173dcf-2786-4f98-bd55-d03549637dfe}</UniqueIdentifier>
    </Filter>
    <Filter Include="Src">
      <UniqueIdentifier>{80d0a5a9-6779-4863-bede-cc22a4986dc5}</UniqueIdentifier>
    </Filter>
    <Filter Include="Src\Framework">
      <UniqueIdentifier>{f5928314-3ee2-4e39-abfa-d93aa9ee5891}</UniqueIdentifier>
    </Filter>
    <Filter Include="Src\Framework\Direct3D">
      <UniqueIdentifier>{f193abd5-e51c-466e-a937-722bc9175e9a}</UniqueIdentifier>
    </Filter>
    <Filter Include="Src\Framework\Utility">
      <UniqueIdentifier>{f5d733b1-5031-4659-a9d4-0dd3add1e5fb}</UniqueIdentifier>
    </Filter>
    <Filter Include="Src\Framework\Window">
      <UniqueIdentifier>{cb022f2a-c5a2-449b-9b70-5110aff8550f}</UniqueIdentifier>
    </Filter>
    <Filter Include="Library\tinygltf">
      <UniqueIdentifier>{307bfbcd-124f-4ad7-85f5-3fd94f814b1f}</UniqueIdentifier>
    </Filter>
    <Filter Include="Src\Framework\Shader">
      <UniqueIdentifier>{93543c0c-58fe-4a94-8279-7be3021b65b1}</UniqueIdentifier>
    </Filter>
    <Filter Include="Src\Framework\Shader\SpriteShader">
      <UniqueIdentifier>{2da4d471-f4e8-4b2d-bdef-b93f91523b8b}</UniqueIdentifier>
    </Filter>
    <Filter Include="Src\Application">
      <UniqueIdentifier>{d0d0f9cf-dabd-4346-bc9a-d9c04cf42372}</UniqueIdentifier>
    </Filter>
    <Filter Include="Src\Framework\Math">
      <UniqueIdentifier>{04f33e76-24f0-4a58-9355-5770b3f6f9c6}</UniqueIdentifier>
    </Filter>
    <Filter Include="Src\Framework\Audio">
      <UniqueIdentifier>{2a0de30f-d7e8-4517-a9a1-20de6e434592}</UniqueIdentifier>
    </Filter>
    <Filter Include="Src\Framework\Shader\PostProcessShader">
      <UniqueIdentifier>{bfef98c3-f0b2-41b1-b813-6f298072287b}</UniqueIdentifier>
    </Filter>
    <Filter Include="Src\Framework\GameObject">
      <UniqueIdentifier>{d45ba257-913b-44e3-a012-888d7b6f2b68}</UniqueIdentifier>
    </Filter>
    <Filter Include="Src\Framework\Input">
      <UniqueIdentifier>{9bd33b87-53db-4bc0-b98d-80db98f4ba9b}</UniqueIdentifier>
    </Filter>
    <Filter Include="Src\Framework\Direct3D\Polygon">
      <UniqueIdentifier>{b91bce2d-4487-485a-a855-b2bb6ce0d30b}</UniqueIdentifier>
    </Filter>
    <Filter Include="Src\Framework\Shader\StandardShader">
      <UniqueIdentifier>{857913be-4481-4606-9719-87518d4a6aeb}</UniqueIdentifier>
    </Filter>
    <Filter Include="Src\Framework\Effekseer">
      <UniqueIdentifier>{c81b93e4-2f33-496a-985e-98658f1cec51}</UniqueIdentifier>
    </Filter>
    <Filter Include="Src\Application\Scene">
      <UniqueIdentifier>{da9235ec-08f1-4792-b71d-c58634fffb0f}</UniqueIdentifier>
    </Filter>
    <Filter Include="Src\Application\Scene\BaseScene">
      <UniqueIdentifier>{4a92479c-59c1-425c-bddf-335a143a7dd6}</UniqueIdentifier>
    </Filter>
    <Filter Include="Src\Application\Scene\TitleScene">
      <UniqueIdentifier>{d7ac0f8a-d355-4bcf-8801-9f5c06ab1e33}</UniqueIdentifier>
    </Filter>
    <Filter Include="Src\Application\Scene\GameScene">
      <UniqueIdentifier>{15b4a73e-7369-4959-bb49-4b163a24b7b5}</UniqueIdentifier>
    </Filter>
    <Filter Include="Library\imgui">
      <UniqueIdentifier>{fd3d48e2-8d84-40e0-9329-bfe824d03bdc}</UniqueIdentifier>
    </Filter>
    <Filter Include="Src\Application\Object">
      <UniqueIdentifier>{06441d11-4d17-4d03-a87f-b662aa937f35}</UniqueIdentifier>
    </Filter>
    <Filter Include="Src\Application\Utility">
      <UniqueIdentifier>{87fe8608-cb84-4c79-9adc-ee480f94596e}</UniqueIdentifier>
    </Filter>
    <Filter Include="Src\Application\Object\GameObject">
      <UniqueIdentifier>{85563042-522a-465d-9c6b-57734e1c3613}</UniqueIdentifier>
    </Filter>
    <Filter Include="Src\Application\Object\GameObject\Tool">
      <UniqueIdentifier>{58a9fe03-49bc-4093-a267-2082a6dcf6d8}</UniqueIdentifier>
    </Filter>
    <Filter Include="Src\Application\Object\GameObject\Tool\Pickaxe">
      <UniqueIdentifier>{698d6520-d825-449f-b2b8-065dc9c0d4b9}</UniqueIdentifier>
    </Filter>
    <Filter Include="Src\Application\Data">
      <UniqueIdentifier>{87b54a38-f32b-4e9a-bdb7-0926756c26df}</UniqueIdentifier>
    </Filter>
    <Filter Include="Src\Application\Object\GameObject\Creature">
      <UniqueIdentifier>{9ec4d095-601c-4fb1-851e-96b3f2067f4a}</UniqueIdentifier>
    </Filter>
    <Filter Include="Src\Application\Object\GameObject\Creature\Player">
      <UniqueIdentifier>{d369dc87-9f45-4807-bc27-db66ff48cc84}</UniqueIdentifier>
    </Filter>
    <Filter Include="Src\Application\Object\GameObject\Destructible">
      <UniqueIdentifier>{b383547a-4e7a-4cd0-9e1f-c65d6e0ac2e2}</UniqueIdentifier>
    </Filter>
    <Filter Include="Src\Application\Object\GameObject\Destructible\Crystal">
      <UniqueIdentifier>{69643135-0141-4c54-ba07-c29c19c62a0f}</UniqueIdentifier>
    </Filter>
    <Filter Include="Src\Application\Object\GameObject\Destructible\Treasure">
      <UniqueIdentifier>{c34089e0-4cf4-4e8c-8f4d-a8628f1ca170}</UniqueIdentifier>
    </Filter>
    <Filter Include="Src\Application\Object\GameObject\BackGround">
      <UniqueIdentifier>{f929bf3d-a5f1-4344-a46c-6ba48c59af1c}</UniqueIdentifier>
    </Filter>
    <Filter Include="Src\Application\Object\GameObject\BackGround\BackGroundRock">
      <UniqueIdentifier>{c3d8a8c5-24f3-46fd-bc19-b0cf16fc054b}</UniqueIdentifier>
    </Filter>
    <Filter Include="Src\Application\Object\GameObject\BackGround\BackGroundRock\BlueCrystal">
      <UniqueIdentifier>{c57a7430-d6c9-4c5d-9d89-7688397a2f8b}</UniqueIdentifier>
    </Filter>
    <Filter Include="Src\Application\Object\GameObject\BackGround\BackGroundRock\GrayFlat">
      <UniqueIdentifier>{d47f23e7-0ee8-4519-8d6e-72e68fde3e2e}</UniqueIdentifier>
    </Filter>
    <Filter Include="Src\Application\Object\GameObject\BackGround\BackGroundRock\GrayHeavy">
      <UniqueIdentifier>{fc243b46-0b07-4276-b17d-e71993808465}</UniqueIdentifier>
    </Filter>
    <Filter Include="Src\Application\Object\GameObject\BackGround\BackGroundRock\GrayProtrusion">
      <UniqueIdentifier>{038d48b3-44b7-4301-9e40-7fbd56bc11a8}</UniqueIdentifier>
    </Filter>
    <Filter Include="Src\Application\Object\GameObject\BackGround\BackGroundRock\GraySlanted">
      <UniqueIdentifier>{c632d8ba-db65-4dfb-8e22-b74e4948cc66}</UniqueIdentifier>
    </Filter>
    <Filter Include="Src\Application\Object\GameObject\BackGround\BackGroundRock\GrayTowering">
      <UniqueIdentifier>{62de48a4-5619-4212-9680-90a0785310ab}</UniqueIdentifier>
    </Filter>
    <Filter Include="Src\Application\Object\BaseExtensionObject">
      <UniqueIdentifier>{afb19c67-9c80-4166-9891-bb01b537b913}</UniqueIdentifier>
    </Filter>
    <Filter Include="Src\Application\System">
      <UniqueIdentifier>{572d0965-eace-489e-b507-4063b632a74d}</UniqueIdentifier>
    </Filter>
    <Filter Include="Src\Application\Object\GameObject\Stage">
      <UniqueIdentifier>{a1d1a6fb-ca15-4554-b2a3-bf060b45d880}</UniqueIdentifier>
    </Filter>
    <Filter Include="Src\Application\Object\GameObject\Tool\Cart">
      <UniqueIdentifier>{a2d10552-be7b-4ef9-b9a8-0be24f1f3ad4}</UniqueIdentifier>
    </Filter>
    <Filter Include="Src\Application\Object\GameObject\GameUi">
      <UniqueIdentifier>{4affe9bb-292e-4899-acb8-cf7a1344e112}</UniqueIdentifier>
    </Filter>
    <Filter Include="Src\Application\Object\GameObject\GameUi\StageTime">
      <UniqueIdentifier>{cda72386-dc92-4877-8665-1bf021b4fe86}</UniqueIdentifier>
    </Filter>
    <Filter Include="Src\Application\Object\GameObject\GameUi\Gauge">
      <UniqueIdentifier>{e275e994-0387-41cf-b945-fadc01fb975c}</UniqueIdentifier>
    </Filter>
    <Filter Include="Src\Application\Object\GameObject\GameUi\ComboCounter">
      <UniqueIdentifier>{64e93e57-64b8-402c-ba21-03344301c481}</UniqueIdentifier>
    </Filter>
    <Filter Include="Src\Application\System\Timer">
      <UniqueIdentifier>{d648e908-4709-4808-8054-70a1535f4773}</UniqueIdentifier>
    </Filter>
    <Filter Include="Src\Application\System\Counter">
      <UniqueIdentifier>{8366999b-46b7-473e-b08f-83e2095a996b}</UniqueIdentifier>
    </Filter>
    <Filter Include="Src\Application\Object\GameObject\GameUi\ScoreCounter">
      <UniqueIdentifier>{67ec987f-dedf-41c4-8b62-0fbb097c6d86}</UniqueIdentifier>
    </Filter>
    <Filter Include="Src\Application\Object\TitleObject">
      <UniqueIdentifier>{bf22c85f-465b-44e8-aca5-8a0469e3abe0}</UniqueIdentifier>
    </Filter>
    <Filter Include="Src\Application\Object\TitleObject\BackGround">
      <UniqueIdentifier>{b62d7dc0-7737-487a-a141-04974d034b4d}</UniqueIdentifier>
    </Filter>
    <Filter Include="Src\Application\Object\TitleObject\BackGround\Pickaxe">
      <UniqueIdentifier>{735f287d-9627-40dd-b043-61a60a43fd9b}</UniqueIdentifier>
    </Filter>
    <Filter Include="Src\Application\Object\TitleObject\SelectMode">
      <UniqueIdentifier>{9d5e49e6-d148-43ea-919b-e83ecb735147}</UniqueIdentifier>
    </Filter>
    <Filter Include="Src\Application\Object\TitleObject\TitleBar">
      <UniqueIdentifier>{72f1ac94-7e06-47d5-b38d-b836195feea5}</UniqueIdentifier>
    </Filter>
    <Filter Include="Src\Application\Object\TitleObject\SelectMode\Practice">
      <UniqueIdentifier>{33251e8b-7bc5-44c7-9889-da012ffed3c8}</UniqueIdentifier>
    </Filter>
    <Filter Include="Src\Application\Object\TitleObject\SelectMode\Survival">
      <UniqueIdentifier>{83a99231-cc17-46e2-b1d7-03fd4250d1c4}</UniqueIdentifier>
    </Filter>
    <Filter Include="Src\Application\Object\TitleObject\SelectMode\TimeAttack">
      <UniqueIdentifier>{d67ed850-3b3e-4f45-85d0-25933bc68bb3}</UniqueIdentifier>
    </Filter>
    <Filter Include="Src\Application\Object\TitleObject\SelectMode\TimeLimit">
      <UniqueIdentifier>{e9abdd32-cca6-46ca-822c-226249fa33b6}</UniqueIdentifier>
    </Filter>
    <Filter Include="Src\Application\Object\TitleObject\BackGround\Rock">
      <UniqueIdentifier>{a1b7846a-065a-48ea-9a40-b3abd784fa5a}</UniqueIdentifier>
    </Filter>
    <Filter Include="Src\Application\Object\GameObject\TotalizationResult">
      <UniqueIdentifier>{cb209d8b-6cde-41a5-b445-33a8ca43aead}</UniqueIdentifier>
    </Filter>
    <Filter Include="Src\Application\Object\GameObject\GameUi\Character">
      <UniqueIdentifier>{7b2b077d-6302-4fd8-a211-edd6bfb72658}</UniqueIdentifier>
    </Filter>
    <Filter Include="Src\Application\Object\GameObject\GameUi\Ban">
      <UniqueIdentifier>{17420fc4-1b26-416d-abef-b1a69a2e88e6}</UniqueIdentifier>
    </Filter>
    <Filter Include="Src\Application\Object\TitleObject\TitleHelp">
      <UniqueIdentifier>{ac122a23-8932-48d4-9413-f30bc899eb76}</UniqueIdentifier>
    </Filter>
  </ItemGroup>
  <ItemGroup>
    <ClInclude Include="src\Pch.h">
      <Filter>Src</Filter>
    </ClInclude>
    <ClInclude Include="..\Library\tinygltf\json.hpp">
      <Filter>Library\tinygltf</Filter>
    </ClInclude>
    <ClInclude Include="..\Library\tinygltf\stb_image.h">
      <Filter>Library\tinygltf</Filter>
    </ClInclude>
    <ClInclude Include="..\Library\tinygltf\stb_image_write.h">
      <Filter>Library\tinygltf</Filter>
    </ClInclude>
    <ClInclude Include="..\Library\tinygltf\tiny_gltf.h">
      <Filter>Library\tinygltf</Filter>
    </ClInclude>
    <ClInclude Include="Src\Application\main.h">
      <Filter>Src\Application</Filter>
    </ClInclude>
    <ClInclude Include="src\Framework\Direct3D\KdDirect3D.h">
      <Filter>Src\Framework\Direct3D</Filter>
    </ClInclude>
    <ClInclude Include="src\Framework\Direct3D\KdTexture.h">
      <Filter>Src\Framework\Direct3D</Filter>
    </ClInclude>
    <ClInclude Include="src\Framework\Direct3D\KdBuffer.h">
      <Filter>Src\Framework\Direct3D</Filter>
    </ClInclude>
    <ClInclude Include="Src\Framework\Direct3D\KdGLTFLoader.h">
      <Filter>Src\Framework\Direct3D</Filter>
    </ClInclude>
    <ClInclude Include="Src\Framework\Shader\KdShaderManager.h">
      <Filter>Src\Framework\Shader</Filter>
    </ClInclude>
    <ClInclude Include="Src\Framework\Shader\SpriteShader\KdSpriteShader.h">
      <Filter>Src\Framework\Shader\SpriteShader</Filter>
    </ClInclude>
    <ClInclude Include="src\Framework\Utility\KdUtility.h">
      <Filter>Src\Framework\Utility</Filter>
    </ClInclude>
    <ClInclude Include="src\Framework\KdFramework.h">
      <Filter>Src\Framework</Filter>
    </ClInclude>
    <ClInclude Include="..\Library\strconv.h">
      <Filter>Library</Filter>
    </ClInclude>
    <ClInclude Include="src\Framework\Window\KdWindow.h">
      <Filter>Src\Framework\Window</Filter>
    </ClInclude>
    <ClInclude Include="src\Framework\Direct3D\KdMesh.h">
      <Filter>Src\Framework\Direct3D</Filter>
    </ClInclude>
    <ClInclude Include="Src\Framework\Direct3D\KdModel.h">
      <Filter>Src\Framework\Direct3D</Filter>
    </ClInclude>
    <ClInclude Include="Src\Framework\Math\KdCollision.h">
      <Filter>Src\Framework\Math</Filter>
    </ClInclude>
    <ClInclude Include="Src\Framework\Math\KdAnimation.h">
      <Filter>Src\Framework\Math</Filter>
    </ClInclude>
    <ClInclude Include="Src\Framework\Audio\KdAudio.h">
      <Filter>Src\Framework\Audio</Filter>
    </ClInclude>
    <ClInclude Include="Src\Framework\Direct3D\KdCamera.h">
      <Filter>Src\Framework\Direct3D</Filter>
    </ClInclude>
    <ClInclude Include="Src\Framework\Shader\PostProcessShader\KdPostProcessShader.h">
      <Filter>Src\Framework\Shader\PostProcessShader</Filter>
    </ClInclude>
    <ClInclude Include="Src\Framework\Math\KdCollider.h">
      <Filter>Src\Framework\Math</Filter>
    </ClInclude>
    <ClInclude Include="Src\Framework\Math\KdEasing.h">
      <Filter>Src\Framework\Math</Filter>
    </ClInclude>
    <ClInclude Include="Src\Framework\GameObject\KdGameObject.h">
      <Filter>Src\Framework\GameObject</Filter>
    </ClInclude>
    <ClInclude Include="Src\Framework\GameObject\KdGameObjectFactory.h">
      <Filter>Src\Framework\GameObject</Filter>
    </ClInclude>
    <ClInclude Include="Src\Framework\Input\KdInput.h">
      <Filter>Src\Framework\Input</Filter>
    </ClInclude>
    <ClInclude Include="Src\Framework\Utility\KdCSVData.h">
      <Filter>Src\Framework\Utility</Filter>
    </ClInclude>
    <ClInclude Include="Src\Framework\Direct3D\Polygon\KdPolygon.h">
      <Filter>Src\Framework\Direct3D\Polygon</Filter>
    </ClInclude>
    <ClInclude Include="Src\Framework\Direct3D\Polygon\KdSquarePolygon.h">
      <Filter>Src\Framework\Direct3D\Polygon</Filter>
    </ClInclude>
    <ClInclude Include="Src\Framework\Direct3D\Polygon\KdTrailPolygon.h">
      <Filter>Src\Framework\Direct3D\Polygon</Filter>
    </ClInclude>
    <ClInclude Include="Src\Framework\Direct3D\KdMaterial.h">
      <Filter>Src\Framework\Direct3D</Filter>
    </ClInclude>
    <ClInclude Include="Src\Framework\Utility\KdDataStorage.h">
      <Filter>Src\Framework\Utility</Filter>
    </ClInclude>
    <ClInclude Include="Src\Framework\Shader\KdAmbientController.h">
      <Filter>Src\Framework\Shader</Filter>
    </ClInclude>
    <ClInclude Include="Src\Framework\Math\KdUVAnimation.h">
      <Filter>Src\Framework\Math</Filter>
    </ClInclude>
    <ClInclude Include="Src\Framework\Shader\KdRenderTargetChange.h">
      <Filter>Src\Framework\Shader</Filter>
    </ClInclude>
    <ClInclude Include="Src\Framework\Utility\KdFPSController.h">
      <Filter>Src\Framework\Utility</Filter>
    </ClInclude>
    <ClInclude Include="Src\Framework\Utility\KdDebugWireFrame.h">
      <Filter>Src\Framework\Utility</Filter>
    </ClInclude>
    <ClInclude Include="Src\Framework\Shader\StandardShader\KdStandardShader.h">
      <Filter>Src\Framework\Shader\StandardShader</Filter>
    </ClInclude>
    <ClInclude Include="Src\Framework\Effekseer\KdEffekseerManager.h">
      <Filter>Src\Framework\Effekseer</Filter>
    </ClInclude>
    <ClInclude Include="Src\Application\Scene\SceneManager.h">
      <Filter>Src\Application\Scene</Filter>
    </ClInclude>
    <ClInclude Include="Src\Application\Scene\BaseScene\BaseScene.h">
      <Filter>Src\Application\Scene\BaseScene</Filter>
    </ClInclude>
    <ClInclude Include="Src\Application\Scene\GameScene\GameScene.h">
      <Filter>Src\Application\Scene\GameScene</Filter>
    </ClInclude>
    <ClInclude Include="Src\Application\Scene\TitleScene\TitleScene.h">
      <Filter>Src\Application\Scene\TitleScene</Filter>
    </ClInclude>
    <ClInclude Include="..\Library\imgui\imstb_rectpack.h">
      <Filter>Library\imgui</Filter>
    </ClInclude>
    <ClInclude Include="..\Library\imgui\imstb_textedit.h">
      <Filter>Library\imgui</Filter>
    </ClInclude>
    <ClInclude Include="..\Library\imgui\imstb_truetype.h">
      <Filter>Library\imgui</Filter>
    </ClInclude>
    <ClInclude Include="..\Library\imgui\ja_glyph_ranges.h">
      <Filter>Library\imgui</Filter>
    </ClInclude>
    <ClInclude Include="..\Library\imgui\imconfig.h">
      <Filter>Library\imgui</Filter>
    </ClInclude>
    <ClInclude Include="..\Library\imgui\imgui.h">
      <Filter>Library\imgui</Filter>
    </ClInclude>
    <ClInclude Include="..\Library\imgui\imgui_internal.h">
      <Filter>Library\imgui</Filter>
    </ClInclude>
    <ClInclude Include="..\Library\imgui\imgui_stdlib.h">
      <Filter>Library\imgui</Filter>
    </ClInclude>
    <ClInclude Include="..\Library\imgui\imgui_impl_win32.h">
      <Filter>Library\imgui</Filter>
    </ClInclude>
    <ClInclude Include="..\Library\imgui\imgui_impl_dx11.h">
      <Filter>Library\imgui</Filter>
    </ClInclude>
    <ClInclude Include="Src\Application\Utility\UtilityMath.hxx">
      <Filter>Src\Application\Utility</Filter>
    </ClInclude>
    <ClInclude Include="Src\Application\Object\GameObject\Tool\Pickaxe\Pickaxe.h">
      <Filter>Src\Application\Object\GameObject\Tool\Pickaxe</Filter>
    </ClInclude>
    <ClInclude Include="Src\Application\Utility\UtilityKey.hxx">
      <Filter>Src\Application\Utility</Filter>
    </ClInclude>
    <ClInclude Include="Src\Application\Object\GameObject\Creature\Player\Player.h">
      <Filter>Src\Application\Object\GameObject\Creature\Player</Filter>
    </ClInclude>
    <ClInclude Include="Src\Application\Utility\UtilityDefault.hxx">
      <Filter>Src\Application\Utility</Filter>
    </ClInclude>
    <ClInclude Include="Src\Application\Object\GameObject\Destructible\Crystal\Crystal.h">
      <Filter>Src\Application\Object\GameObject\Destructible\Crystal</Filter>
    </ClInclude>
    <ClInclude Include="Src\Application\Object\GameObject\Destructible\Treasure\Treasure.h">
      <Filter>Src\Application\Object\GameObject\Destructible\Treasure</Filter>
    </ClInclude>
    <ClInclude Include="Src\Application\Object\GameObject\BackGround\BackGround.h">
      <Filter>Src\Application\Object\GameObject\BackGround</Filter>
    </ClInclude>
    <ClInclude Include="Src\Application\Object\GameObject\BackGround\BackGroundRock\GrayTowering\GrayTowering.hpp">
      <Filter>Src\Application\Object\GameObject\BackGround\BackGroundRock\GrayTowering</Filter>
    </ClInclude>
    <ClInclude Include="Src\Application\Object\GameObject\BackGround\BackGroundRock\GraySlanted\GraySlanted.hpp">
      <Filter>Src\Application\Object\GameObject\BackGround\BackGroundRock\GraySlanted</Filter>
    </ClInclude>
    <ClInclude Include="Src\Application\Object\GameObject\BackGround\BackGroundRock\GrayProtrusion\GrayProtrusion.hpp">
      <Filter>Src\Application\Object\GameObject\BackGround\BackGroundRock\GrayProtrusion</Filter>
    </ClInclude>
    <ClInclude Include="Src\Application\Object\GameObject\BackGround\BackGroundRock\BlueCrystal\BlueCrystal.hpp">
      <Filter>Src\Application\Object\GameObject\BackGround\BackGroundRock\BlueCrystal</Filter>
    </ClInclude>
    <ClInclude Include="Src\Application\Object\GameObject\BackGround\BackGroundRock\GrayHeavy\GrayHeavy.hpp">
      <Filter>Src\Application\Object\GameObject\BackGround\BackGroundRock\GrayHeavy</Filter>
    </ClInclude>
    <ClInclude Include="Src\Application\Object\GameObject\BackGround\BackGroundRock\GrayFlat\GrayFlat.hpp">
      <Filter>Src\Application\Object\GameObject\BackGround\BackGroundRock\GrayFlat</Filter>
    </ClInclude>
    <ClInclude Include="Src\Application\Data\BinaryAccessor.hpp">
      <Filter>Src\Application\Data</Filter>
    </ClInclude>
    <ClInclude Include="Src\Application\Data\ResourceManager.h">
      <Filter>Src\Application\Data</Filter>
    </ClInclude>
    <ClInclude Include="Src\Application\Object\BaseExtensionObject\BaseExtensionObject.h">
      <Filter>Src\Application\Object\BaseExtensionObject</Filter>
    </ClInclude>
    <ClInclude Include="Src\Application\Object\GameObject\Stage\Stage.h">
      <Filter>Src\Application\Object\GameObject\Stage</Filter>
    </ClInclude>
    <ClInclude Include="Src\Application\Object\GameObject\Tool\Cart\Cart.h">
      <Filter>Src\Application\Object\GameObject\Tool\Cart</Filter>
    </ClInclude>
    <ClInclude Include="Src\Application\Object\GameObject\GameUi\GameUi.h">
      <Filter>Src\Application\Object\GameObject\GameUi</Filter>
    </ClInclude>
    <ClInclude Include="Src\Application\Object\GameObject\GameUi\BaseGameUi.hpp">
      <Filter>Src\Application\Object\GameObject\GameUi</Filter>
    </ClInclude>
    <ClInclude Include="Src\Application\Object\GameObject\GameUi\StageTime\StageTime.h">
      <Filter>Src\Application\Object\GameObject\GameUi\StageTime</Filter>
    </ClInclude>
    <ClInclude Include="Src\Application\Object\GameObject\GameUi\Gauge\Gauge.h">
      <Filter>Src\Application\Object\GameObject\GameUi\Gauge</Filter>
    </ClInclude>
    <ClInclude Include="Src\Application\Object\GameObject\GameUi\ComboCounter\ComboCounter.h">
      <Filter>Src\Application\Object\GameObject\GameUi\ComboCounter</Filter>
    </ClInclude>
    <ClInclude Include="Src\Application\System\Timer\Timer.h">
      <Filter>Src\Application\System\Timer</Filter>
    </ClInclude>
    <ClInclude Include="Src\Application\System\Counter\Counter.h">
      <Filter>Src\Application\System\Counter</Filter>
    </ClInclude>
    <ClInclude Include="Src\Application\Object\GameObject\GameUi\ScoreCounter\ScoreCounter.h">
      <Filter>Src\Application\Object\GameObject\GameUi\ScoreCounter</Filter>
    </ClInclude>
    <ClInclude Include="Src\Application\Object\GameObject\BackGround\BackGroundRock\BackGroundRockObjectTag.hpp">
      <Filter>Src\Application\Object\GameObject\BackGround\BackGroundRock</Filter>
    </ClInclude>
    <ClInclude Include="Src\Application\Object\TitleObject\TitleBar\TitleBar.h">
      <Filter>Src\Application\Object\TitleObject\TitleBar</Filter>
    </ClInclude>
    <ClInclude Include="Src\Application\Object\TitleObject\BackGround\Rock\Rock.h">
      <Filter>Src\Application\Object\TitleObject\BackGround\Rock</Filter>
    </ClInclude>
    <ClInclude Include="Src\Application\Object\TitleObject\BackGround\Pickaxe\OrnamentPickaxe.h">
      <Filter>Src\Application\Object\TitleObject\BackGround\Pickaxe</Filter>
    </ClInclude>
    <ClInclude Include="Src\Application\Object\TitleObject\SelectMode\SelectMode.h">
      <Filter>Src\Application\Object\TitleObject\SelectMode</Filter>
    </ClInclude>
    <ClInclude Include="Src\Application\Object\TitleObject\SelectMode\SelectModeTag.hpp">
      <Filter>Src\Application\Object\TitleObject\SelectMode</Filter>
    </ClInclude>
    <ClInclude Include="Src\Application\Object\TitleObject\SelectMode\BaseSelectMode.hpp">
      <Filter>Src\Application\Object\TitleObject\SelectMode</Filter>
    </ClInclude>
    <ClInclude Include="Src\Application\Object\TitleObject\SelectMode\Practice\Practice.hpp">
      <Filter>Src\Application\Object\TitleObject\SelectMode\Practice</Filter>
    </ClInclude>
    <ClInclude Include="Src\Application\Object\TitleObject\SelectMode\Survival\Survival.hpp">
      <Filter>Src\Application\Object\TitleObject\SelectMode\Survival</Filter>
    </ClInclude>
    <ClInclude Include="Src\Application\Object\TitleObject\SelectMode\TimeAttack\TimeAttack.hpp">
      <Filter>Src\Application\Object\TitleObject\SelectMode\TimeAttack</Filter>
    </ClInclude>
    <ClInclude Include="Src\Application\Object\TitleObject\SelectMode\TimeLimit\TimeLimit.hpp">
      <Filter>Src\Application\Object\TitleObject\SelectMode\TimeLimit</Filter>
    </ClInclude>
    <ClInclude Include="Src\Application\Object\GameObject\TotalizationResult\TotalizationResult.h">
      <Filter>Src\Application\Object\GameObject\TotalizationResult</Filter>
    </ClInclude>
    <ClInclude Include="Src\Application\Object\GameObject\GameUi\Character\Character.h">
      <Filter>Src\Application\Object\GameObject\GameUi\Character</Filter>
    </ClInclude>
    <ClInclude Include="Src\Application\Object\GameObject\GameUi\Ban\Ban.h">
      <Filter>Src\Application\Object\GameObject\GameUi\Ban</Filter>
    </ClInclude>
    <ClInclude Include="Src\Application\Object\TitleObject\TitleHelp\TitleHelp.h">
      <Filter>Src\Application\Object\TitleObject\TitleHelp</Filter>
    </ClInclude>
  </ItemGroup>
  <ItemGroup>
    <ClCompile Include="src\Pch.cpp">
      <Filter>Src</Filter>
    </ClCompile>
    <ClCompile Include="Src\Application\main.cpp">
      <Filter>Src\Application</Filter>
    </ClCompile>
    <ClCompile Include="src\Framework\Direct3D\KdDirect3D.cpp">
      <Filter>Src\Framework\Direct3D</Filter>
    </ClCompile>
    <ClCompile Include="src\Framework\Direct3D\KdTexture.cpp">
      <Filter>Src\Framework\Direct3D</Filter>
    </ClCompile>
    <ClCompile Include="src\Framework\Direct3D\KdBuffer.cpp">
      <Filter>Src\Framework\Direct3D</Filter>
    </ClCompile>
    <ClCompile Include="Src\Framework\Direct3D\KdGLTFLoader.cpp">
      <Filter>Src\Framework\Direct3D</Filter>
    </ClCompile>
    <ClCompile Include="Src\Framework\Shader\KdShaderManager.cpp">
      <Filter>Src\Framework\Shader</Filter>
    </ClCompile>
    <ClCompile Include="Src\Framework\Shader\SpriteShader\KdSpriteShader.cpp">
      <Filter>Src\Framework\Shader\SpriteShader</Filter>
    </ClCompile>
    <ClCompile Include="src\Framework\Window\KdWindow.cpp">
      <Filter>Src\Framework\Window</Filter>
    </ClCompile>
    <ClCompile Include="Src\Framework\Utility\KdUtility.cpp">
      <Filter>Src\Framework\Utility</Filter>
    </ClCompile>
    <ClCompile Include="src\Framework\Direct3D\KdMesh.cpp">
      <Filter>Src\Framework\Direct3D</Filter>
    </ClCompile>
    <ClCompile Include="Src\Framework\Direct3D\KdModel.cpp">
      <Filter>Src\Framework\Direct3D</Filter>
    </ClCompile>
    <ClCompile Include="Src\Framework\Math\KdCollision.cpp">
      <Filter>Src\Framework\Math</Filter>
    </ClCompile>
    <ClCompile Include="Src\Framework\Math\KdAnimation.cpp">
      <Filter>Src\Framework\Math</Filter>
    </ClCompile>
    <ClCompile Include="Src\Framework\Audio\KdAudio.cpp">
      <Filter>Src\Framework\Audio</Filter>
    </ClCompile>
    <ClCompile Include="Src\Framework\Direct3D\KdCamera.cpp">
      <Filter>Src\Framework\Direct3D</Filter>
    </ClCompile>
    <ClCompile Include="Src\Framework\Shader\PostProcessShader\KdPostProcessShader.cpp">
      <Filter>Src\Framework\Shader\PostProcessShader</Filter>
    </ClCompile>
    <ClCompile Include="Src\Framework\Math\KdCollider.cpp">
      <Filter>Src\Framework\Math</Filter>
    </ClCompile>
    <ClCompile Include="Src\Framework\Math\KdEasing.cpp">
      <Filter>Src\Framework\Math</Filter>
    </ClCompile>
    <ClCompile Include="Src\Framework\GameObject\KdGameObject.cpp">
      <Filter>Src\Framework\GameObject</Filter>
    </ClCompile>
    <ClCompile Include="Src\Framework\GameObject\KdGameObjectFactory.cpp">
      <Filter>Src\Framework\GameObject</Filter>
    </ClCompile>
    <ClCompile Include="Src\Framework\Input\KdInput.cpp">
      <Filter>Src\Framework\Input</Filter>
    </ClCompile>
    <ClCompile Include="Src\Framework\Utility\KdCSVData.cpp">
      <Filter>Src\Framework\Utility</Filter>
    </ClCompile>
    <ClCompile Include="Src\Framework\Direct3D\Polygon\KdSquarePolygon.cpp">
      <Filter>Src\Framework\Direct3D\Polygon</Filter>
    </ClCompile>
    <ClCompile Include="Src\Framework\Direct3D\Polygon\KdTrailPolygon.cpp">
      <Filter>Src\Framework\Direct3D\Polygon</Filter>
    </ClCompile>
    <ClCompile Include="Src\Framework\Direct3D\KdMaterial.cpp">
      <Filter>Src\Framework\Direct3D</Filter>
    </ClCompile>
    <ClCompile Include="Src\Framework\Direct3D\Polygon\KdPolygon.cpp">
      <Filter>Src\Framework\Direct3D\Polygon</Filter>
    </ClCompile>
    <ClCompile Include="Src\Framework\Shader\KdAmbientController.cpp">
      <Filter>Src\Framework\Shader</Filter>
    </ClCompile>
    <ClCompile Include="Src\Framework\Math\KdUVAnimation.cpp">
      <Filter>Src\Framework\Math</Filter>
    </ClCompile>
    <ClCompile Include="Src\Framework\Shader\KdRenderTargetChange.cpp">
      <Filter>Src\Framework\Shader</Filter>
    </ClCompile>
    <ClCompile Include="Src\Framework\Utility\KdFPSController.cpp">
      <Filter>Src\Framework\Utility</Filter>
    </ClCompile>
    <ClCompile Include="Src\Framework\Utility\KdDebugWireFrame.cpp">
      <Filter>Src\Framework\Utility</Filter>
    </ClCompile>
    <ClCompile Include="Src\Framework\Shader\StandardShader\KdStandardShader.cpp">
      <Filter>Src\Framework\Shader\StandardShader</Filter>
    </ClCompile>
    <ClCompile Include="Src\Framework\Effekseer\KdEffekseerManager.cpp">
      <Filter>Src\Framework\Effekseer</Filter>
    </ClCompile>
    <ClCompile Include="Src\Application\Scene\SceneManager.cpp">
      <Filter>Src\Application\Scene</Filter>
    </ClCompile>
    <ClCompile Include="Src\Application\Scene\BaseScene\BaseScene.cpp">
      <Filter>Src\Application\Scene\BaseScene</Filter>
    </ClCompile>
    <ClCompile Include="Src\Application\Scene\GameScene\GameScene.cpp">
      <Filter>Src\Application\Scene\GameScene</Filter>
    </ClCompile>
    <ClCompile Include="Src\Application\Scene\TitleScene\TitleScene.cpp">
      <Filter>Src\Application\Scene\TitleScene</Filter>
    </ClCompile>
    <ClCompile Include="..\Library\imgui\imgui_tables.cpp">
      <Filter>Library\imgui</Filter>
    </ClCompile>
    <ClCompile Include="..\Library\imgui\imgui_widgets.cpp">
      <Filter>Library\imgui</Filter>
    </ClCompile>
    <ClCompile Include="..\Library\imgui\imgui.cpp">
      <Filter>Library\imgui</Filter>
    </ClCompile>
    <ClCompile Include="..\Library\imgui\imgui_demo.cpp">
      <Filter>Library\imgui</Filter>
    </ClCompile>
    <ClCompile Include="..\Library\imgui\imgui_draw.cpp">
      <Filter>Library\imgui</Filter>
    </ClCompile>
    <ClCompile Include="..\Library\imgui\imgui_stdlib.cpp">
      <Filter>Library\imgui</Filter>
    </ClCompile>
    <ClCompile Include="..\Library\imgui\imgui_impl_dx11.cpp">
      <Filter>Library\imgui</Filter>
    </ClCompile>
    <ClCompile Include="..\Library\imgui\imgui_impl_win32.cpp">
      <Filter>Library\imgui</Filter>
    </ClCompile>
    <ClCompile Include="Src\Application\Object\GameObject\Tool\Pickaxe\Pickaxe.cpp">
      <Filter>Src\Application\Object\GameObject\Tool\Pickaxe</Filter>
    </ClCompile>
    <ClCompile Include="Src\Application\Object\GameObject\Creature\Player\Player.cpp">
      <Filter>Src\Application\Object\GameObject\Creature\Player</Filter>
    </ClCompile>
    <ClCompile Include="Src\Application\Object\GameObject\Destructible\Crystal\Crystal.cpp">
      <Filter>Src\Application\Object\GameObject\Destructible\Crystal</Filter>
    </ClCompile>
    <ClCompile Include="Src\Application\Object\GameObject\Destructible\Treasure\Treasure.cpp">
      <Filter>Src\Application\Object\GameObject\Destructible\Treasure</Filter>
    </ClCompile>
    <ClCompile Include="Src\Application\Object\GameObject\BackGround\BackGround.cpp">
      <Filter>Src\Application\Object\GameObject\BackGround</Filter>
    </ClCompile>
    <ClCompile Include="Src\Application\Data\ResourceManager.cpp">
      <Filter>Src\Application\Data</Filter>
    </ClCompile>
    <ClCompile Include="Src\Application\Object\BaseExtensionObject\BaseExtensionObject.cpp">
      <Filter>Src\Application\Object\BaseExtensionObject</Filter>
    </ClCompile>
    <ClCompile Include="Src\Application\Object\GameObject\Stage\Stage.cpp">
      <Filter>Src\Application\Object\GameObject\Stage</Filter>
    </ClCompile>
    <ClCompile Include="Src\Application\Object\GameObject\Tool\Cart\Cart.cpp">
      <Filter>Src\Application\Object\GameObject\Tool\Cart</Filter>
    </ClCompile>
    <ClCompile Include="Src\Application\Object\GameObject\GameUi\GameUi.cpp">
      <Filter>Src\Application\Object\GameObject\GameUi</Filter>
    </ClCompile>
    <ClCompile Include="Src\Application\Object\GameObject\GameUi\StageTime\StageTime.cpp">
      <Filter>Src\Application\Object\GameObject\GameUi\StageTime</Filter>
    </ClCompile>
    <ClCompile Include="Src\Application\Object\GameObject\GameUi\Gauge\Gauge.cpp">
      <Filter>Src\Application\Object\GameObject\GameUi\Gauge</Filter>
    </ClCompile>
    <ClCompile Include="Src\Application\Object\GameObject\GameUi\ComboCounter\ComboCounter.cpp">
      <Filter>Src\Application\Object\GameObject\GameUi\ComboCounter</Filter>
    </ClCompile>
    <ClCompile Include="Src\Application\System\Timer\Timer.cpp">
      <Filter>Src\Application\System\Timer</Filter>
    </ClCompile>
    <ClCompile Include="Src\Application\System\Counter\Counter.cpp">
      <Filter>Src\Application\System\Counter</Filter>
    </ClCompile>
    <ClCompile Include="Src\Application\Object\GameObject\GameUi\ScoreCounter\ScoreCounter.cpp">
      <Filter>Src\Application\Object\GameObject\GameUi\ScoreCounter</Filter>
    </ClCompile>
    <ClCompile Include="Src\Application\Object\TitleObject\TitleBar\TitleBar.cpp">
      <Filter>Src\Application\Object\TitleObject\TitleBar</Filter>
    </ClCompile>
    <ClCompile Include="Src\Application\Object\TitleObject\BackGround\Rock\Rock.cpp">
      <Filter>Src\Application\Object\TitleObject\BackGround\Rock</Filter>
    </ClCompile>
    <ClCompile Include="Src\Application\Object\TitleObject\BackGround\Pickaxe\OrnamentPickaxe.cpp">
      <Filter>Src\Application\Object\TitleObject\BackGround\Pickaxe</Filter>
    </ClCompile>
    <ClCompile Include="Src\Application\Object\TitleObject\SelectMode\SelectMode.cpp">
      <Filter>Src\Application\Object\TitleObject\SelectMode</Filter>
    </ClCompile>
    <ClCompile Include="Src\Application\Object\GameObject\TotalizationResult\TotalizationResult.cpp">
      <Filter>Src\Application\Object\GameObject\TotalizationResult</Filter>
    </ClCompile>
    <ClCompile Include="Src\Application\Object\GameObject\GameUi\Character\Character.cpp">
      <Filter>Src\Application\Object\GameObject\GameUi\Character</Filter>
    </ClCompile>
    <ClCompile Include="Src\Application\Object\GameObject\GameUi\Ban\Ban.cpp">
      <Filter>Src\Application\Object\GameObject\GameUi\Ban</Filter>
    </ClCompile>
    <ClCompile Include="Src\Application\Object\TitleObject\TitleHelp\TitleHelp.cpp">
      <Filter>Src\Application\Object\TitleObject\TitleHelp</Filter>
    </ClCompile>
  </ItemGroup>
  <ItemGroup>
    <None Include="Src\Framework\Shader\inc_KdCommon.hlsli">
      <Filter>Src\Framework\Shader</Filter>
    </None>
    <None Include="Src\Framework\Shader\SpriteShader\inc_KdSpriteShader.hlsli">
      <Filter>Src\Framework\Shader\SpriteShader</Filter>
    </None>
    <None Include="Src\Framework\Shader\PostProcessShader\inc_KdPostProcessShader.hlsli">
      <Filter>Src\Framework\Shader\PostProcessShader</Filter>
    </None>
    <None Include="Src\Framework\Shader\StandardShader\inc_KdStandardShader.hlsli">
      <Filter>Src\Framework\Shader\StandardShader</Filter>
    </None>
    <None Include="cpp.hint" />
  </ItemGroup>
  <ItemGroup>
    <FxCompile Include="Src\Framework\Shader\SpriteShader\KdSpriteShader_PS.hlsl">
      <Filter>Src\Framework\Shader\SpriteShader</Filter>
    </FxCompile>
    <FxCompile Include="Src\Framework\Shader\SpriteShader\KdSpriteShader_VS.hlsl">
      <Filter>Src\Framework\Shader\SpriteShader</Filter>
    </FxCompile>
    <FxCompile Include="Src\Framework\Shader\PostProcessShader\KdPostProcessShader_PS_Blur.hlsl">
      <Filter>Src\Framework\Shader\PostProcessShader</Filter>
    </FxCompile>
    <FxCompile Include="Src\Framework\Shader\PostProcessShader\KdPostProcessShader_VS.hlsl">
      <Filter>Src\Framework\Shader\PostProcessShader</Filter>
    </FxCompile>
    <FxCompile Include="Src\Framework\Shader\PostProcessShader\KdPostProcessShader_PS_DoF.hlsl">
      <Filter>Src\Framework\Shader\PostProcessShader</Filter>
    </FxCompile>
    <FxCompile Include="Src\Framework\Shader\PostProcessShader\KdPostProcessShader_PS_Bright.hlsl">
      <Filter>Src\Framework\Shader\PostProcessShader</Filter>
    </FxCompile>
    <FxCompile Include="Src\Framework\Shader\StandardShader\KdStandardShader_PS_GenDepthMapFromLight.hlsl">
      <Filter>Src\Framework\Shader\StandardShader</Filter>
    </FxCompile>
    <FxCompile Include="Src\Framework\Shader\StandardShader\KdStandardShader_PS_Lit.hlsl">
      <Filter>Src\Framework\Shader\StandardShader</Filter>
    </FxCompile>
    <FxCompile Include="Src\Framework\Shader\StandardShader\KdStandardShader_PS_UnLit.hlsl">
      <Filter>Src\Framework\Shader\StandardShader</Filter>
    </FxCompile>
    <FxCompile Include="Src\Framework\Shader\StandardShader\KdStandardShader_VS_GenDepthMapFromLight.hlsl">
      <Filter>Src\Framework\Shader\StandardShader</Filter>
    </FxCompile>
    <FxCompile Include="Src\Framework\Shader\StandardShader\KdStandardShader_VS_Lit.hlsl">
      <Filter>Src\Framework\Shader\StandardShader</Filter>
    </FxCompile>
    <FxCompile Include="Src\Framework\Shader\StandardShader\KdStandardShader_VS_UnLit.hlsl">
      <Filter>Src\Framework\Shader\StandardShader</Filter>
    </FxCompile>
  </ItemGroup>
</Project>